
Microsoft Visual Studio Solution File, Format Version 12.00
# Visual Studio Version 17
VisualStudioVersion = 17.0.31903.59
MinimumVisualStudioVersion = 10.0.40219.1
Project("{2150E333-8FDC-42A3-9474-1A3956D46DE8}") = "src", "src", "{37E45198-9142-4886-8C3E-B7E8AE7F9080}"
EndProject
Project("{FAE04EC0-301F-11D3-BF4B-00C04F79EFBC}") = "Caticket.SalesAPI.Domain", "src\Caticket.SalesAPI.Domain\Caticket.SalesAPI.Domain.csproj", "{2E557819-A00A-4A56-84AF-A8FF0585DEF3}"
EndProject
Project("{FAE04EC0-301F-11D3-BF4B-00C04F79EFBC}") = "Caticket.SalesAPI.Infrastructure", "src\Caticket.SalesAPI.Infrastructure\Caticket.SalesAPI.Infrastructure.csproj", "{B18131BD-5E19-48D8-A41F-50C8A6A4FAFF}"
EndProject
Project("{FAE04EC0-301F-11D3-BF4B-00C04F79EFBC}") = "Caticket.SalesAPI.Core", "src\Caticket.SalesAPI.Core\Caticket.SalesAPI.Core.csproj", "{951C195E-84E7-4E12-A87F-CBE56704B52A}"
EndProject
Project("{FAE04EC0-301F-11D3-BF4B-00C04F79EFBC}") = "Caticket.SalesAPI.Tests", "src\Caticket.SalesAPI.Tests\Caticket.SalesAPI.Tests.csproj", "{BF03C9DC-B2B8-4874-9A4D-C0ECADE26347}"
EndProject
Project("{FAE04EC0-301F-11D3-BF4B-00C04F79EFBC}") = "Caticket.SalesAPI.Web", "src\Caticket.SalesAPI.Web\Caticket.SalesAPI.Web.csproj", "{A336EA59-B3F8-454D-9C47-2550A49B2D0A}"
EndProject
Global
	GlobalSection(SolutionConfigurationPlatforms) = preSolution
		Debug|Any CPU = Debug|Any CPU
		Release|Any CPU = Release|Any CPU
	EndGlobalSection
	GlobalSection(SolutionProperties) = preSolution
		HideSolutionNode = FALSE
	EndGlobalSection
	GlobalSection(ProjectConfigurationPlatforms) = postSolution
		{2E557819-A00A-4A56-84AF-A8FF0585DEF3}.Debug|Any CPU.ActiveCfg = Debug|Any CPU
		{2E557819-A00A-4A56-84AF-A8FF0585DEF3}.Debug|Any CPU.Build.0 = Debug|Any CPU
		{2E557819-A00A-4A56-84AF-A8FF0585DEF3}.Release|Any CPU.ActiveCfg = Release|Any CPU
		{2E557819-A00A-4A56-84AF-A8FF0585DEF3}.Release|Any CPU.Build.0 = Release|Any CPU
		{B18131BD-5E19-48D8-A41F-50C8A6A4FAFF}.Debug|Any CPU.ActiveCfg = Debug|Any CPU
		{B18131BD-5E19-48D8-A41F-50C8A6A4FAFF}.Debug|Any CPU.Build.0 = Debug|Any CPU
		{B18131BD-5E19-48D8-A41F-50C8A6A4FAFF}.Release|Any CPU.ActiveCfg = Release|Any CPU
		{B18131BD-5E19-48D8-A41F-50C8A6A4FAFF}.Release|Any CPU.Build.0 = Release|Any CPU
		{951C195E-84E7-4E12-A87F-CBE56704B52A}.Debug|Any CPU.ActiveCfg = Debug|Any CPU
		{951C195E-84E7-4E12-A87F-CBE56704B52A}.Debug|Any CPU.Build.0 = Debug|Any CPU
		{951C195E-84E7-4E12-A87F-CBE56704B52A}.Release|Any CPU.ActiveCfg = Release|Any CPU
		{951C195E-84E7-4E12-A87F-CBE56704B52A}.Release|Any CPU.Build.0 = Release|Any CPU
		{BF03C9DC-B2B8-4874-9A4D-C0ECADE26347}.Debug|Any CPU.ActiveCfg = Debug|Any CPU
		{BF03C9DC-B2B8-4874-9A4D-C0ECADE26347}.Debug|Any CPU.Build.0 = Debug|Any CPU
		{BF03C9DC-B2B8-4874-9A4D-C0ECADE26347}.Release|Any CPU.ActiveCfg = Release|Any CPU
		{BF03C9DC-B2B8-4874-9A4D-C0ECADE26347}.Release|Any CPU.Build.0 = Release|Any CPU
		{A336EA59-B3F8-454D-9C47-2550A49B2D0A}.Debug|Any CPU.ActiveCfg = Debug|Any CPU
		{A336EA59-B3F8-454D-9C47-2550A49B2D0A}.Debug|Any CPU.Build.0 = Debug|Any CPU
		{A336EA59-B3F8-454D-9C47-2550A49B2D0A}.Release|Any CPU.ActiveCfg = Release|Any CPU
		{A336EA59-B3F8-454D-9C47-2550A49B2D0A}.Release|Any CPU.Build.0 = Release|Any CPU
	EndGlobalSection
	GlobalSection(NestedProjects) = preSolution
		{2E557819-A00A-4A56-84AF-A8FF0585DEF3} = {37E45198-9142-4886-8C3E-B7E8AE7F9080}
		{B18131BD-5E19-48D8-A41F-50C8A6A4FAFF} = {37E45198-9142-4886-8C3E-B7E8AE7F9080}
		{951C195E-84E7-4E12-A87F-CBE56704B52A} = {37E45198-9142-4886-8C3E-B7E8AE7F9080}
		{BF03C9DC-B2B8-4874-9A4D-C0ECADE26347} = {37E45198-9142-4886-8C3E-B7E8AE7F9080}
		{A336EA59-B3F8-454D-9C47-2550A49B2D0A} = {37E45198-9142-4886-8C3E-B7E8AE7F9080}
	EndGlobalSection
EndGlobal
