
Microsoft Visual Studio Solution File, Format Version 12.00
# Visual Studio Version 17
VisualStudioVersion = 17.0.31903.59
MinimumVisualStudioVersion = 10.0.40219.1
Project("{2150E333-8FDC-42A3-9474-1A3956D46DE8}") = "src", "src", "{80E1F14A-5740-40BA-AE87-BD97754FD8D1}"
EndProject
Project("{FAE04EC0-301F-11D3-BF4B-00C04F79EFBC}") = "Caticket.SalesAPI.Core", "src\Caticket.SalesAPI.Core\Caticket.SalesAPI.Core.csproj", "{D8F29290-540B-462D-8FFE-7B8182C79ADE}"
EndProject
Project("{FAE04EC0-301F-11D3-BF4B-00C04F79EFBC}") = "Caticket.SalesAPI.Domain", "src\Caticket.SalesAPI.Domain\Caticket.SalesAPI.Domain.csproj", "{4F974DCE-47D9-45DC-BB09-CAA5F264A4D9}"
EndProject
Project("{FAE04EC0-301F-11D3-BF4B-00C04F79EFBC}") = "Caticket.SalesAPI.Identity", "src\Caticket.SalesAPI.Identity\Caticket.SalesAPI.Identity.csproj", "{D756BA55-D251-47C5-9626-AD95B7303508}"
EndProject
Project("{FAE04EC0-301F-11D3-BF4B-00C04F79EFBC}") = "Caticket.SalesAPI.Infrastructure", "src\Caticket.SalesAPI.Infrastructure\Caticket.SalesAPI.Infrastructure.csproj", "{566FE3E3-E526-4B47-9706-E6CA0F5E51B7}"
EndProject
Project("{FAE04EC0-301F-11D3-BF4B-00C04F79EFBC}") = "Caticket.SalesAPI.Tests", "src\Caticket.SalesAPI.Tests\Caticket.SalesAPI.Tests.csproj", "{B44FC3D7-C892-4F85-AD8F-1564F46D0B39}"
EndProject
Project("{FAE04EC0-301F-11D3-BF4B-00C04F79EFBC}") = "Caticket.SalesAPI.Web", "src\Caticket.SalesAPI.Web\Caticket.SalesAPI.Web.csproj", "{24C77280-B659-4AC0-B553-A4631E3621E6}"
EndProject
Global
	GlobalSection(SolutionConfigurationPlatforms) = preSolution
		Debug|Any CPU = Debug|Any CPU
		Release|Any CPU = Release|Any CPU
	EndGlobalSection
	GlobalSection(SolutionProperties) = preSolution
		HideSolutionNode = FALSE
	EndGlobalSection
	GlobalSection(ProjectConfigurationPlatforms) = postSolution
		{D8F29290-540B-462D-8FFE-7B8182C79ADE}.Debug|Any CPU.ActiveCfg = Debug|Any CPU
		{D8F29290-540B-462D-8FFE-7B8182C79ADE}.Debug|Any CPU.Build.0 = Debug|Any CPU
		{D8F29290-540B-462D-8FFE-7B8182C79ADE}.Release|Any CPU.ActiveCfg = Release|Any CPU
		{D8F29290-540B-462D-8FFE-7B8182C79ADE}.Release|Any CPU.Build.0 = Release|Any CPU
		{4F974DCE-47D9-45DC-BB09-CAA5F264A4D9}.Debug|Any CPU.ActiveCfg = Debug|Any CPU
		{4F974DCE-47D9-45DC-BB09-CAA5F264A4D9}.Debug|Any CPU.Build.0 = Debug|Any CPU
		{4F974DCE-47D9-45DC-BB09-CAA5F264A4D9}.Release|Any CPU.ActiveCfg = Release|Any CPU
		{4F974DCE-47D9-45DC-BB09-CAA5F264A4D9}.Release|Any CPU.Build.0 = Release|Any CPU
		{D756BA55-D251-47C5-9626-AD95B7303508}.Debug|Any CPU.ActiveCfg = Debug|Any CPU
		{D756BA55-D251-47C5-9626-AD95B7303508}.Debug|Any CPU.Build.0 = Debug|Any CPU
		{D756BA55-D251-47C5-9626-AD95B7303508}.Release|Any CPU.ActiveCfg = Release|Any CPU
		{D756BA55-D251-47C5-9626-AD95B7303508}.Release|Any CPU.Build.0 = Release|Any CPU
		{566FE3E3-E526-4B47-9706-E6CA0F5E51B7}.Debug|Any CPU.ActiveCfg = Debug|Any CPU
		{566FE3E3-E526-4B47-9706-E6CA0F5E51B7}.Debug|Any CPU.Build.0 = Debug|Any CPU
		{566FE3E3-E526-4B47-9706-E6CA0F5E51B7}.Release|Any CPU.ActiveCfg = Release|Any CPU
		{566FE3E3-E526-4B47-9706-E6CA0F5E51B7}.Release|Any CPU.Build.0 = Release|Any CPU
		{B44FC3D7-C892-4F85-AD8F-1564F46D0B39}.Debug|Any CPU.ActiveCfg = Debug|Any CPU
		{B44FC3D7-C892-4F85-AD8F-1564F46D0B39}.Debug|Any CPU.Build.0 = Debug|Any CPU
		{B44FC3D7-C892-4F85-AD8F-1564F46D0B39}.Release|Any CPU.ActiveCfg = Release|Any CPU
		{B44FC3D7-C892-4F85-AD8F-1564F46D0B39}.Release|Any CPU.Build.0 = Release|Any CPU
		{24C77280-B659-4AC0-B553-A4631E3621E6}.Debug|Any CPU.ActiveCfg = Debug|Any CPU
		{24C77280-B659-4AC0-B553-A4631E3621E6}.Debug|Any CPU.Build.0 = Debug|Any CPU
		{24C77280-B659-4AC0-B553-A4631E3621E6}.Release|Any CPU.ActiveCfg = Release|Any CPU
		{24C77280-B659-4AC0-B553-A4631E3621E6}.Release|Any CPU.Build.0 = Release|Any CPU
	EndGlobalSection
	GlobalSection(NestedProjects) = preSolution
		{D8F29290-540B-462D-8FFE-7B8182C79ADE} = {80E1F14A-5740-40BA-AE87-BD97754FD8D1}
		{4F974DCE-47D9-45DC-BB09-CAA5F264A4D9} = {80E1F14A-5740-40BA-AE87-BD97754FD8D1}
		{D756BA55-D251-47C5-9626-AD95B7303508} = {80E1F14A-5740-40BA-AE87-BD97754FD8D1}
		{566FE3E3-E526-4B47-9706-E6CA0F5E51B7} = {80E1F14A-5740-40BA-AE87-BD97754FD8D1}
		{B44FC3D7-C892-4F85-AD8F-1564F46D0B39} = {80E1F14A-5740-40BA-AE87-BD97754FD8D1}
		{24C77280-B659-4AC0-B553-A4631E3621E6} = {80E1F14A-5740-40BA-AE87-BD97754FD8D1}
	EndGlobalSection
EndGlobal
