
Microsoft Visual Studio Solution File, Format Version 12.00
# Visual Studio Version 17
VisualStudioVersion = 17.0.31903.59
MinimumVisualStudioVersion = 10.0.40219.1
Project("{2150E333-8FDC-42A3-9474-1A3956D46DE8}") = "src", "src", "{282ACB72-C590-45C8-909D-C06C8B8A90F9}"
EndProject
Project("{FAE04EC0-301F-11D3-BF4B-00C04F79EFBC}") = "Caticket.PartnerAPI.Core", "src\Caticket.PartnerAPI.Core\Caticket.PartnerAPI.Core.csproj", "{A2D28E44-9C87-4E60-810C-291E49E9F496}"
EndProject
Project("{FAE04EC0-301F-11D3-BF4B-00C04F79EFBC}") = "Caticket.PartnerAPI.Domain", "src\Caticket.PartnerAPI.Domain\Caticket.PartnerAPI.Domain.csproj", "{B96D2A95-3033-4E8C-B5C4-324AE81C48DA}"
EndProject
Project("{FAE04EC0-301F-11D3-BF4B-00C04F79EFBC}") = "Caticket.PartnerAPI.Infrastructure", "src\Caticket.PartnerAPI.Infrastructure\Caticket.PartnerAPI.Infrastructure.csproj", "{263C8F24-51AC-4376-BE7A-CAEF673E514B}"
EndProject
Project("{FAE04EC0-301F-11D3-BF4B-00C04F79EFBC}") = "Caticket.PartnerAPI.Web", "src\Caticket.PartnerAPI.Web\Caticket.PartnerAPI.Web.csproj", "{2BDAAB4E-4659-42C0-A303-88B7F5A6D001}"
EndProject
Project("{FAE04EC0-301F-11D3-BF4B-00C04F79EFBC}") = "Caticket.PartnerAPI.Tests", "src\Caticket.PartnerAPI.Tests\Caticket.PartnerAPI.Tests.csproj", "{3F1FBE3E-9E6B-4A7E-8BBD-E74CF63A3B8A}"
EndProject
Global
	GlobalSection(SolutionConfigurationPlatforms) = preSolution
		Debug|Any CPU = Debug|Any CPU
		Release|Any CPU = Release|Any CPU
	EndGlobalSection
	GlobalSection(SolutionProperties) = preSolution
		HideSolutionNode = FALSE
	EndGlobalSection
	GlobalSection(ProjectConfigurationPlatforms) = postSolution
		{A2D28E44-9C87-4E60-810C-291E49E9F496}.Debug|Any CPU.ActiveCfg = Debug|Any CPU
		{A2D28E44-9C87-4E60-810C-291E49E9F496}.Debug|Any CPU.Build.0 = Debug|Any CPU
		{A2D28E44-9C87-4E60-810C-291E49E9F496}.Release|Any CPU.ActiveCfg = Release|Any CPU
		{A2D28E44-9C87-4E60-810C-291E49E9F496}.Release|Any CPU.Build.0 = Release|Any CPU
		{B96D2A95-3033-4E8C-B5C4-324AE81C48DA}.Debug|Any CPU.ActiveCfg = Debug|Any CPU
		{B96D2A95-3033-4E8C-B5C4-324AE81C48DA}.Debug|Any CPU.Build.0 = Debug|Any CPU
		{B96D2A95-3033-4E8C-B5C4-324AE81C48DA}.Release|Any CPU.ActiveCfg = Release|Any CPU
		{B96D2A95-3033-4E8C-B5C4-324AE81C48DA}.Release|Any CPU.Build.0 = Release|Any CPU
		{263C8F24-51AC-4376-BE7A-CAEF673E514B}.Debug|Any CPU.ActiveCfg = Debug|Any CPU
		{263C8F24-51AC-4376-BE7A-CAEF673E514B}.Debug|Any CPU.Build.0 = Debug|Any CPU
		{263C8F24-51AC-4376-BE7A-CAEF673E514B}.Release|Any CPU.ActiveCfg = Release|Any CPU
		{263C8F24-51AC-4376-BE7A-CAEF673E514B}.Release|Any CPU.Build.0 = Release|Any CPU
		{2BDAAB4E-4659-42C0-A303-88B7F5A6D001}.Debug|Any CPU.ActiveCfg = Debug|Any CPU
		{2BDAAB4E-4659-42C0-A303-88B7F5A6D001}.Debug|Any CPU.Build.0 = Debug|Any CPU
		{2BDAAB4E-4659-42C0-A303-88B7F5A6D001}.Release|Any CPU.ActiveCfg = Release|Any CPU
		{2BDAAB4E-4659-42C0-A303-88B7F5A6D001}.Release|Any CPU.Build.0 = Release|Any CPU
		{3F1FBE3E-9E6B-4A7E-8BBD-E74CF63A3B8A}.Debug|Any CPU.ActiveCfg = Debug|Any CPU
		{3F1FBE3E-9E6B-4A7E-8BBD-E74CF63A3B8A}.Debug|Any CPU.Build.0 = Debug|Any CPU
		{3F1FBE3E-9E6B-4A7E-8BBD-E74CF63A3B8A}.Release|Any CPU.ActiveCfg = Release|Any CPU
		{3F1FBE3E-9E6B-4A7E-8BBD-E74CF63A3B8A}.Release|Any CPU.Build.0 = Release|Any CPU
	EndGlobalSection
	GlobalSection(NestedProjects) = preSolution
		{A2D28E44-9C87-4E60-810C-291E49E9F496} = {282ACB72-C590-45C8-909D-C06C8B8A90F9}
		{B96D2A95-3033-4E8C-B5C4-324AE81C48DA} = {282ACB72-C590-45C8-909D-C06C8B8A90F9}
		{263C8F24-51AC-4376-BE7A-CAEF673E514B} = {282ACB72-C590-45C8-909D-C06C8B8A90F9}
		{2BDAAB4E-4659-42C0-A303-88B7F5A6D001} = {282ACB72-C590-45C8-909D-C06C8B8A90F9}
		{3F1FBE3E-9E6B-4A7E-8BBD-E74CF63A3B8A} = {282ACB72-C590-45C8-909D-C06C8B8A90F9}
	EndGlobalSection
EndGlobal
